// !$*UTF8*$!
{
	archiveVersion = 1;
	classes = {
	};
	objectVersion = 46;
	objects = {

/* Begin PBXBuildFile section */
		328ECB8E1A7BD6010059FACC /* main.m in Sources */ = {isa = PBXBuildFile; fileRef = 328ECB8D1A7BD6010059FACC /* main.m */; };
		328ECB911A7BD6010059FACC /* AppDelegate.m in Sources */ = {isa = PBXBuildFile; fileRef = 328ECB901A7BD6010059FACC /* AppDelegate.m */; };
		328ECB941A7BD6010059FACC /* ViewController.m in Sources */ = {isa = PBXBuildFile; fileRef = 328ECB931A7BD6010059FACC /* ViewController.m */; };
		328ECB971A7BD6010059FACC /* Main.storyboard in Resources */ = {isa = PBXBuildFile; fileRef = 328ECB951A7BD6010059FACC /* Main.storyboard */; };
		328ECB991A7BD6010059FACC /* Images.xcassets in Resources */ = {isa = PBXBuildFile; fileRef = 328ECB981A7BD6010059FACC /* Images.xcassets */; };
		328ECB9C1A7BD6010059FACC /* LaunchScreen.xib in Resources */ = {isa = PBXBuildFile; fileRef = 328ECB9A1A7BD6010059FACC /* LaunchScreen.xib */; };
		328ECBA81A7BD6010059FACC /* SwisscomTests.m in Sources */ = {isa = PBXBuildFile; fileRef = 328ECBA71A7BD6010059FACC /* SwisscomTests.m */; };
		328ECBB51A7BD9580059FACC /* EventSynchronizationService.m in Sources */ = {isa = PBXBuildFile; fileRef = 328ECBB41A7BD9580059FACC /* EventSynchronizationService.m */; };
		328ECBBF1A7BDA670059FACC /* ContextProvider.m in Sources */ = {isa = PBXBuildFile; fileRef = 328ECBB91A7BDA670059FACC /* ContextProvider.m */; };
		328ECBC01A7BDA670059FACC /* DataStorage.m in Sources */ = {isa = PBXBuildFile; fileRef = 328ECBBB1A7BDA670059FACC /* DataStorage.m */; };
		328ECBC11A7BDA670059FACC /* DataStorageRequestBuilder.m in Sources */ = {isa = PBXBuildFile; fileRef = 328ECBBE1A7BDA670059FACC /* DataStorageRequestBuilder.m */; };
		328ECBC51A7BDC670059FACC /* Model.xcdatamodeld in Sources */ = {isa = PBXBuildFile; fileRef = 328ECBC31A7BDC670059FACC /* Model.xcdatamodeld */; };
		328ECBC81A7BDD080059FACC /* ApiClient.m in Sources */ = {isa = PBXBuildFile; fileRef = 328ECBC71A7BDD080059FACC /* ApiClient.m */; };
		32CFA0451A7F7AA000A7A78D /* ApiClient+Result.m in Sources */ = {isa = PBXBuildFile; fileRef = 32CFA0441A7F7AA000A7A78D /* ApiClient+Result.m */; };
		32CFA0471A7F7D1200A7A78D /* Results.json in Resources */ = {isa = PBXBuildFile; fileRef = 32CFA0461A7F7D0B00A7A78D /* Results.json */; };
		32CFA04A1A7F7F7300A7A78D /* UserResult.m in Sources */ = {isa = PBXBuildFile; fileRef = 32CFA0491A7F7F7300A7A78D /* UserResult.m */; };
		32CFA0501A7F930500A7A78D /* SWResultTimingEvent.m in Sources */ = {isa = PBXBuildFile; fileRef = 32CFA04F1A7F930500A7A78D /* SWResultTimingEvent.m */; };
		32CFA0531A7F930500A7A78D /* SWScore.m in Sources */ = {isa = PBXBuildFile; fileRef = 32CFA0521A7F930500A7A78D /* SWScore.m */; };
		32CFA0561A7F930500A7A78D /* SWQuestion.m in Sources */ = {isa = PBXBuildFile; fileRef = 32CFA0551A7F930500A7A78D /* SWQuestion.m */; };
		32CFA0591A7F930500A7A78D /* SWResponse.m in Sources */ = {isa = PBXBuildFile; fileRef = 32CFA0581A7F930500A7A78D /* SWResponse.m */; };
		32CFA05C1A7F930500A7A78D /* SWResult.m in Sources */ = {isa = PBXBuildFile; fileRef = 32CFA05B1A7F930500A7A78D /* SWResult.m */; };
		32CFA05F1A7F930600A7A78D /* SWAnswer.m in Sources */ = {isa = PBXBuildFile; fileRef = 32CFA05E1A7F930600A7A78D /* SWAnswer.m */; };
		32FE79DD1A7F62130027B946 /* ApiClient+Question.m in Sources */ = {isa = PBXBuildFile; fileRef = 32FE79DC1A7F62130027B946 /* ApiClient+Question.m */; };
		32FE79DE1A7F645E0027B946 /* Questions.json in Resources */ = {isa = PBXBuildFile; fileRef = 32FE79CD1A7F5E250027B946 /* Questions.json */; };
		32FE79E21A7F68DC0027B946 /* DPDataMapper.m in Sources */ = {isa = PBXBuildFile; fileRef = 32FE79E11A7F68DC0027B946 /* DPDataMapper.m */; };
		32FE79E51A7F69C80027B946 /* SynchronizationService.m in Sources */ = {isa = PBXBuildFile; fileRef = 32FE79E41A7F69C80027B946 /* SynchronizationService.m */; };
		32FE79E81A7F6E440027B946 /* QuestionsMapper.m in Sources */ = {isa = PBXBuildFile; fileRef = 32FE79E71A7F6E440027B946 /* QuestionsMapper.m */; };
		89347A2F1A7D2C28008FAA53 /* AnswerCollectionViewCell.m in Sources */ = {isa = PBXBuildFile; fileRef = 89347A2E1A7D2C28008FAA53 /* AnswerCollectionViewCell.m */; };
		89347A361A7D33F5008FAA53 /* QuestionHeaderView.m in Sources */ = {isa = PBXBuildFile; fileRef = 89347A351A7D33F5008FAA53 /* QuestionHeaderView.m */; };
		89347A381A7D36B5008FAA53 /* QuestionHeaderView.xib in Resources */ = {isa = PBXBuildFile; fileRef = 89347A371A7D36B5008FAA53 /* QuestionHeaderView.xib */; };
		89347A3C1A7D373E008FAA53 /* QuestionDataSource.m in Sources */ = {isa = PBXBuildFile; fileRef = 89347A3B1A7D373E008FAA53 /* QuestionDataSource.m */; };
		89347A3F1A7D3FBD008FAA53 /* QuestionCollectionViewLayout.m in Sources */ = {isa = PBXBuildFile; fileRef = 89347A3E1A7D3FBD008FAA53 /* QuestionCollectionViewLayout.m */; };
		89347A421A7F6AF1008FAA53 /* PlaceholderView.m in Sources */ = {isa = PBXBuildFile; fileRef = 89347A411A7F6AF1008FAA53 /* PlaceholderView.m */; };
		89347A441A7F6B01008FAA53 /* PlaceholderView.xib in Resources */ = {isa = PBXBuildFile; fileRef = 89347A431A7F6B01008FAA53 /* PlaceholderView.xib */; };
		89D1EE16A400FE72AD707321 /* libPods-Swisscom.a in Frameworks */ = {isa = PBXBuildFile; fileRef = D8C5C2CF30E166BD9380F861 /* libPods-Swisscom.a */; };
/* End PBXBuildFile section */

/* Begin PBXContainerItemProxy section */
		328ECBA21A7BD6010059FACC /* PBXContainerItemProxy */ = {
			isa = PBXContainerItemProxy;
			containerPortal = 328ECB801A7BD6010059FACC /* Project object */;
			proxyType = 1;
			remoteGlobalIDString = 328ECB871A7BD6010059FACC;
			remoteInfo = Swisscom;
		};
/* End PBXContainerItemProxy section */

/* Begin PBXFileReference section */
		328ECB881A7BD6010059FACC /* Swisscom.app */ = {isa = PBXFileReference; explicitFileType = wrapper.application; includeInIndex = 0; path = Swisscom.app; sourceTree = BUILT_PRODUCTS_DIR; };
		328ECB8C1A7BD6010059FACC /* Info.plist */ = {isa = PBXFileReference; lastKnownFileType = text.plist.xml; path = Info.plist; sourceTree = "<group>"; };
		328ECB8D1A7BD6010059FACC /* main.m */ = {isa = PBXFileReference; lastKnownFileType = sourcecode.c.objc; path = main.m; sourceTree = "<group>"; };
		328ECB8F1A7BD6010059FACC /* AppDelegate.h */ = {isa = PBXFileReference; lastKnownFileType = sourcecode.c.h; path = AppDelegate.h; sourceTree = "<group>"; };
		328ECB901A7BD6010059FACC /* AppDelegate.m */ = {isa = PBXFileReference; lastKnownFileType = sourcecode.c.objc; path = AppDelegate.m; sourceTree = "<group>"; };
		328ECB921A7BD6010059FACC /* ViewController.h */ = {isa = PBXFileReference; lastKnownFileType = sourcecode.c.h; path = ViewController.h; sourceTree = "<group>"; };
		328ECB931A7BD6010059FACC /* ViewController.m */ = {isa = PBXFileReference; lastKnownFileType = sourcecode.c.objc; path = ViewController.m; sourceTree = "<group>"; };
		328ECB961A7BD6010059FACC /* Base */ = {isa = PBXFileReference; lastKnownFileType = file.storyboard; name = Base; path = Base.lproj/Main.storyboard; sourceTree = "<group>"; };
		328ECB981A7BD6010059FACC /* Images.xcassets */ = {isa = PBXFileReference; lastKnownFileType = folder.assetcatalog; path = Images.xcassets; sourceTree = "<group>"; };
		328ECB9B1A7BD6010059FACC /* Base */ = {isa = PBXFileReference; lastKnownFileType = file.xib; name = Base; path = Base.lproj/LaunchScreen.xib; sourceTree = "<group>"; };
		328ECBA11A7BD6010059FACC /* SwisscomTests.xctest */ = {isa = PBXFileReference; explicitFileType = wrapper.cfbundle; includeInIndex = 0; path = SwisscomTests.xctest; sourceTree = BUILT_PRODUCTS_DIR; };
		328ECBA61A7BD6010059FACC /* Info.plist */ = {isa = PBXFileReference; lastKnownFileType = text.plist.xml; path = Info.plist; sourceTree = "<group>"; };
		328ECBA71A7BD6010059FACC /* SwisscomTests.m */ = {isa = PBXFileReference; lastKnownFileType = sourcecode.c.objc; path = SwisscomTests.m; sourceTree = "<group>"; };
		328ECBB31A7BD9580059FACC /* EventSynchronizationService.h */ = {isa = PBXFileReference; fileEncoding = 4; lastKnownFileType = sourcecode.c.h; path = EventSynchronizationService.h; sourceTree = "<group>"; };
		328ECBB41A7BD9580059FACC /* EventSynchronizationService.m */ = {isa = PBXFileReference; fileEncoding = 4; lastKnownFileType = sourcecode.c.objc; path = EventSynchronizationService.m; sourceTree = "<group>"; };
		328ECBB71A7BDA040059FACC /* Singleton.h */ = {isa = PBXFileReference; lastKnownFileType = sourcecode.c.h; path = Singleton.h; sourceTree = "<group>"; };
		328ECBB81A7BDA670059FACC /* ContextProvider.h */ = {isa = PBXFileReference; fileEncoding = 4; lastKnownFileType = sourcecode.c.h; path = ContextProvider.h; sourceTree = "<group>"; };
		328ECBB91A7BDA670059FACC /* ContextProvider.m */ = {isa = PBXFileReference; fileEncoding = 4; lastKnownFileType = sourcecode.c.objc; path = ContextProvider.m; sourceTree = "<group>"; };
		328ECBBA1A7BDA670059FACC /* DataStorage.h */ = {isa = PBXFileReference; fileEncoding = 4; lastKnownFileType = sourcecode.c.h; path = DataStorage.h; sourceTree = "<group>"; };
		328ECBBB1A7BDA670059FACC /* DataStorage.m */ = {isa = PBXFileReference; fileEncoding = 4; lastKnownFileType = sourcecode.c.objc; path = DataStorage.m; sourceTree = "<group>"; };
		328ECBBC1A7BDA670059FACC /* DataStorageProtocol.h */ = {isa = PBXFileReference; fileEncoding = 4; lastKnownFileType = sourcecode.c.h; path = DataStorageProtocol.h; sourceTree = "<group>"; };
		328ECBBD1A7BDA670059FACC /* DataStorageRequestBuilder.h */ = {isa = PBXFileReference; fileEncoding = 4; lastKnownFileType = sourcecode.c.h; path = DataStorageRequestBuilder.h; sourceTree = "<group>"; };
		328ECBBE1A7BDA670059FACC /* DataStorageRequestBuilder.m */ = {isa = PBXFileReference; fileEncoding = 4; lastKnownFileType = sourcecode.c.objc; path = DataStorageRequestBuilder.m; sourceTree = "<group>"; };
		328ECBC41A7BDC670059FACC /* Model.xcdatamodel */ = {isa = PBXFileReference; lastKnownFileType = wrapper.xcdatamodel; path = Model.xcdatamodel; sourceTree = "<group>"; };
		328ECBC61A7BDD080059FACC /* ApiClient.h */ = {isa = PBXFileReference; fileEncoding = 4; lastKnownFileType = sourcecode.c.h; path = ApiClient.h; sourceTree = "<group>"; };
		328ECBC71A7BDD080059FACC /* ApiClient.m */ = {isa = PBXFileReference; fileEncoding = 4; lastKnownFileType = sourcecode.c.objc; path = ApiClient.m; sourceTree = "<group>"; };
		32CFA0431A7F7AA000A7A78D /* ApiClient+Result.h */ = {isa = PBXFileReference; fileEncoding = 4; lastKnownFileType = sourcecode.c.h; path = "ApiClient+Result.h"; sourceTree = "<group>"; };
		32CFA0441A7F7AA000A7A78D /* ApiClient+Result.m */ = {isa = PBXFileReference; fileEncoding = 4; lastKnownFileType = sourcecode.c.objc; path = "ApiClient+Result.m"; sourceTree = "<group>"; };
		32CFA0461A7F7D0B00A7A78D /* Results.json */ = {isa = PBXFileReference; lastKnownFileType = text.json; path = Results.json; sourceTree = "<group>"; };
		32CFA0481A7F7F7300A7A78D /* UserResult.h */ = {isa = PBXFileReference; fileEncoding = 4; lastKnownFileType = sourcecode.c.h; path = UserResult.h; sourceTree = "<group>"; };
		32CFA0491A7F7F7300A7A78D /* UserResult.m */ = {isa = PBXFileReference; fileEncoding = 4; lastKnownFileType = sourcecode.c.objc; path = UserResult.m; sourceTree = "<group>"; };
		32CFA04E1A7F930500A7A78D /* SWResultTimingEvent.h */ = {isa = PBXFileReference; fileEncoding = 4; lastKnownFileType = sourcecode.c.h; path = SWResultTimingEvent.h; sourceTree = "<group>"; };
		32CFA04F1A7F930500A7A78D /* SWResultTimingEvent.m */ = {isa = PBXFileReference; fileEncoding = 4; lastKnownFileType = sourcecode.c.objc; path = SWResultTimingEvent.m; sourceTree = "<group>"; };
		32CFA0511A7F930500A7A78D /* SWScore.h */ = {isa = PBXFileReference; fileEncoding = 4; lastKnownFileType = sourcecode.c.h; path = SWScore.h; sourceTree = "<group>"; };
		32CFA0521A7F930500A7A78D /* SWScore.m */ = {isa = PBXFileReference; fileEncoding = 4; lastKnownFileType = sourcecode.c.objc; path = SWScore.m; sourceTree = "<group>"; };
		32CFA0541A7F930500A7A78D /* SWQuestion.h */ = {isa = PBXFileReference; fileEncoding = 4; lastKnownFileType = sourcecode.c.h; path = SWQuestion.h; sourceTree = "<group>"; };
		32CFA0551A7F930500A7A78D /* SWQuestion.m */ = {isa = PBXFileReference; fileEncoding = 4; lastKnownFileType = sourcecode.c.objc; path = SWQuestion.m; sourceTree = "<group>"; };
		32CFA0571A7F930500A7A78D /* SWResponse.h */ = {isa = PBXFileReference; fileEncoding = 4; lastKnownFileType = sourcecode.c.h; path = SWResponse.h; sourceTree = "<group>"; };
		32CFA0581A7F930500A7A78D /* SWResponse.m */ = {isa = PBXFileReference; fileEncoding = 4; lastKnownFileType = sourcecode.c.objc; path = SWResponse.m; sourceTree = "<group>"; };
		32CFA05A1A7F930500A7A78D /* SWResult.h */ = {isa = PBXFileReference; fileEncoding = 4; lastKnownFileType = sourcecode.c.h; path = SWResult.h; sourceTree = "<group>"; };
		32CFA05B1A7F930500A7A78D /* SWResult.m */ = {isa = PBXFileReference; fileEncoding = 4; lastKnownFileType = sourcecode.c.objc; path = SWResult.m; sourceTree = "<group>"; };
		32CFA05D1A7F930600A7A78D /* SWAnswer.h */ = {isa = PBXFileReference; fileEncoding = 4; lastKnownFileType = sourcecode.c.h; path = SWAnswer.h; sourceTree = "<group>"; };
		32CFA05E1A7F930600A7A78D /* SWAnswer.m */ = {isa = PBXFileReference; fileEncoding = 4; lastKnownFileType = sourcecode.c.objc; path = SWAnswer.m; sourceTree = "<group>"; };
		32FE79CD1A7F5E250027B946 /* Questions.json */ = {isa = PBXFileReference; lastKnownFileType = text.json; path = Questions.json; sourceTree = "<group>"; xcLanguageSpecificationIdentifier = xcode.lang.javascript; };
		32FE79DB1A7F62130027B946 /* ApiClient+Question.h */ = {isa = PBXFileReference; fileEncoding = 4; lastKnownFileType = sourcecode.c.h; path = "ApiClient+Question.h"; sourceTree = "<group>"; };
		32FE79DC1A7F62130027B946 /* ApiClient+Question.m */ = {isa = PBXFileReference; fileEncoding = 4; lastKnownFileType = sourcecode.c.objc; path = "ApiClient+Question.m"; sourceTree = "<group>"; };
		32FE79E01A7F68DC0027B946 /* DPDataMapper.h */ = {isa = PBXFileReference; fileEncoding = 4; lastKnownFileType = sourcecode.c.h; path = DPDataMapper.h; sourceTree = "<group>"; };
		32FE79E11A7F68DC0027B946 /* DPDataMapper.m */ = {isa = PBXFileReference; fileEncoding = 4; lastKnownFileType = sourcecode.c.objc; path = DPDataMapper.m; sourceTree = "<group>"; };
		32FE79E31A7F69C80027B946 /* SynchronizationService.h */ = {isa = PBXFileReference; fileEncoding = 4; lastKnownFileType = sourcecode.c.h; path = SynchronizationService.h; sourceTree = "<group>"; };
		32FE79E41A7F69C80027B946 /* SynchronizationService.m */ = {isa = PBXFileReference; fileEncoding = 4; lastKnownFileType = sourcecode.c.objc; path = SynchronizationService.m; sourceTree = "<group>"; };
		32FE79E61A7F6E440027B946 /* QuestionsMapper.h */ = {isa = PBXFileReference; fileEncoding = 4; lastKnownFileType = sourcecode.c.h; path = QuestionsMapper.h; sourceTree = "<group>"; };
		32FE79E71A7F6E440027B946 /* QuestionsMapper.m */ = {isa = PBXFileReference; fileEncoding = 4; lastKnownFileType = sourcecode.c.objc; path = QuestionsMapper.m; sourceTree = "<group>"; };
		75A5EE3817BEC3B48B5C2964 /* Pods-Swisscom.release.xcconfig */ = {isa = PBXFileReference; includeInIndex = 1; lastKnownFileType = text.xcconfig; name = "Pods-Swisscom.release.xcconfig"; path = "Pods/Target Support Files/Pods-Swisscom/Pods-Swisscom.release.xcconfig"; sourceTree = "<group>"; };
		7DBE39FD7370043E631BDB30 /* Pods-Swisscom.debug.xcconfig */ = {isa = PBXFileReference; includeInIndex = 1; lastKnownFileType = text.xcconfig; name = "Pods-Swisscom.debug.xcconfig"; path = "Pods/Target Support Files/Pods-Swisscom/Pods-Swisscom.debug.xcconfig"; sourceTree = "<group>"; };
		89347A2D1A7D2C28008FAA53 /* AnswerCollectionViewCell.h */ = {isa = PBXFileReference; fileEncoding = 4; lastKnownFileType = sourcecode.c.h; name = AnswerCollectionViewCell.h; path = Views/AnswerCollectionViewCell.h; sourceTree = "<group>"; };
		89347A2E1A7D2C28008FAA53 /* AnswerCollectionViewCell.m */ = {isa = PBXFileReference; fileEncoding = 4; lastKnownFileType = sourcecode.c.objc; name = AnswerCollectionViewCell.m; path = Views/AnswerCollectionViewCell.m; sourceTree = "<group>"; };
		89347A341A7D33F5008FAA53 /* QuestionHeaderView.h */ = {isa = PBXFileReference; fileEncoding = 4; lastKnownFileType = sourcecode.c.h; name = QuestionHeaderView.h; path = Views/QuestionHeaderView.h; sourceTree = "<group>"; };
		89347A351A7D33F5008FAA53 /* QuestionHeaderView.m */ = {isa = PBXFileReference; fileEncoding = 4; lastKnownFileType = sourcecode.c.objc; name = QuestionHeaderView.m; path = Views/QuestionHeaderView.m; sourceTree = "<group>"; };
		89347A371A7D36B5008FAA53 /* QuestionHeaderView.xib */ = {isa = PBXFileReference; fileEncoding = 4; lastKnownFileType = file.xib; name = QuestionHeaderView.xib; path = Views/QuestionHeaderView.xib; sourceTree = "<group>"; };
		89347A3A1A7D373E008FAA53 /* QuestionDataSource.h */ = {isa = PBXFileReference; fileEncoding = 4; lastKnownFileType = sourcecode.c.h; name = QuestionDataSource.h; path = DataSources/QuestionDataSource.h; sourceTree = "<group>"; };
		89347A3B1A7D373E008FAA53 /* QuestionDataSource.m */ = {isa = PBXFileReference; fileEncoding = 4; lastKnownFileType = sourcecode.c.objc; name = QuestionDataSource.m; path = DataSources/QuestionDataSource.m; sourceTree = "<group>"; };
		89347A3D1A7D3FBD008FAA53 /* QuestionCollectionViewLayout.h */ = {isa = PBXFileReference; fileEncoding = 4; lastKnownFileType = sourcecode.c.h; name = QuestionCollectionViewLayout.h; path = Views/QuestionCollectionViewLayout.h; sourceTree = "<group>"; };
		89347A3E1A7D3FBD008FAA53 /* QuestionCollectionViewLayout.m */ = {isa = PBXFileReference; fileEncoding = 4; lastKnownFileType = sourcecode.c.objc; name = QuestionCollectionViewLayout.m; path = Views/QuestionCollectionViewLayout.m; sourceTree = "<group>"; };
		89347A401A7F6AF1008FAA53 /* PlaceholderView.h */ = {isa = PBXFileReference; fileEncoding = 4; lastKnownFileType = sourcecode.c.h; name = PlaceholderView.h; path = Views/PlaceholderView.h; sourceTree = "<group>"; };
		89347A411A7F6AF1008FAA53 /* PlaceholderView.m */ = {isa = PBXFileReference; fileEncoding = 4; lastKnownFileType = sourcecode.c.objc; name = PlaceholderView.m; path = Views/PlaceholderView.m; sourceTree = "<group>"; };
		89347A431A7F6B01008FAA53 /* PlaceholderView.xib */ = {isa = PBXFileReference; fileEncoding = 4; lastKnownFileType = file.xib; name = PlaceholderView.xib; path = Views/PlaceholderView.xib; sourceTree = "<group>"; };
		D8C5C2CF30E166BD9380F861 /* libPods-Swisscom.a */ = {isa = PBXFileReference; explicitFileType = archive.ar; includeInIndex = 0; path = "libPods-Swisscom.a"; sourceTree = BUILT_PRODUCTS_DIR; };
/* End PBXFileReference section */

/* Begin PBXFrameworksBuildPhase section */
		328ECB851A7BD6010059FACC /* Frameworks */ = {
			isa = PBXFrameworksBuildPhase;
			buildActionMask = 2147483647;
			files = (
				89D1EE16A400FE72AD707321 /* libPods-Swisscom.a in Frameworks */,
			);
			runOnlyForDeploymentPostprocessing = 0;
		};
		328ECB9E1A7BD6010059FACC /* Frameworks */ = {
			isa = PBXFrameworksBuildPhase;
			buildActionMask = 2147483647;
			files = (
			);
			runOnlyForDeploymentPostprocessing = 0;
		};
/* End PBXFrameworksBuildPhase section */

/* Begin PBXGroup section */
		2D472879D20B90720DD65253 /* Frameworks */ = {
			isa = PBXGroup;
			children = (
				D8C5C2CF30E166BD9380F861 /* libPods-Swisscom.a */,
			);
			name = Frameworks;
			sourceTree = "<group>";
		};
		328ECB7F1A7BD6010059FACC = {
			isa = PBXGroup;
			children = (
				328ECB8A1A7BD6010059FACC /* Swisscom */,
				328ECBA41A7BD6010059FACC /* SwisscomTests */,
				328ECB891A7BD6010059FACC /* Products */,
				A336AF8635DB0B4B89908E1E /* Pods */,
				2D472879D20B90720DD65253 /* Frameworks */,
			);
			sourceTree = "<group>";
		};
		328ECB891A7BD6010059FACC /* Products */ = {
			isa = PBXGroup;
			children = (
				328ECB881A7BD6010059FACC /* Swisscom.app */,
				328ECBA11A7BD6010059FACC /* SwisscomTests.xctest */,
			);
			name = Products;
			sourceTree = "<group>";
		};
		328ECB8A1A7BD6010059FACC /* Swisscom */ = {
			isa = PBXGroup;
			children = (
				32FE79DF1A7F68DC0027B946 /* Mapper */,
				32FE79CC1A7F5DF90027B946 /* Resources */,
				89347A391A7D3710008FAA53 /* DataSources */,
				89347A2C1A7D2BF8008FAA53 /* Views */,
				328ECBC21A7BDC5D0059FACC /* Models */,
				328ECBB61A7BD9EA0059FACC /* Utils */,
				328ECBB21A7BD9240059FACC /* DataBase */,
				328ECBB11A7BD91D0059FACC /* Networking */,
				328ECB8F1A7BD6010059FACC /* AppDelegate.h */,
				328ECB901A7BD6010059FACC /* AppDelegate.m */,
				328ECB921A7BD6010059FACC /* ViewController.h */,
				328ECB931A7BD6010059FACC /* ViewController.m */,
				32CFA0481A7F7F7300A7A78D /* UserResult.h */,
				32CFA0491A7F7F7300A7A78D /* UserResult.m */,
				328ECB951A7BD6010059FACC /* Main.storyboard */,
				328ECB981A7BD6010059FACC /* Images.xcassets */,
				328ECB9A1A7BD6010059FACC /* LaunchScreen.xib */,
				328ECB8B1A7BD6010059FACC /* Supporting Files */,
			);
			path = Swisscom;
			sourceTree = "<group>";
		};
		328ECB8B1A7BD6010059FACC /* Supporting Files */ = {
			isa = PBXGroup;
			children = (
				328ECB8C1A7BD6010059FACC /* Info.plist */,
				328ECB8D1A7BD6010059FACC /* main.m */,
			);
			name = "Supporting Files";
			sourceTree = "<group>";
		};
		328ECBA41A7BD6010059FACC /* SwisscomTests */ = {
			isa = PBXGroup;
			children = (
				328ECBA71A7BD6010059FACC /* SwisscomTests.m */,
				328ECBA51A7BD6010059FACC /* Supporting Files */,
			);
			path = SwisscomTests;
			sourceTree = "<group>";
		};
		328ECBA51A7BD6010059FACC /* Supporting Files */ = {
			isa = PBXGroup;
			children = (
				328ECBA61A7BD6010059FACC /* Info.plist */,
			);
			name = "Supporting Files";
			sourceTree = "<group>";
		};
		328ECBB11A7BD91D0059FACC /* Networking */ = {
			isa = PBXGroup;
			children = (
				328ECBB31A7BD9580059FACC /* EventSynchronizationService.h */,
				328ECBB41A7BD9580059FACC /* EventSynchronizationService.m */,
				328ECBC61A7BDD080059FACC /* ApiClient.h */,
				328ECBC71A7BDD080059FACC /* ApiClient.m */,
				32FE79DB1A7F62130027B946 /* ApiClient+Question.h */,
				32FE79DC1A7F62130027B946 /* ApiClient+Question.m */,
				32CFA0431A7F7AA000A7A78D /* ApiClient+Result.h */,
				32CFA0441A7F7AA000A7A78D /* ApiClient+Result.m */,
				32FE79E31A7F69C80027B946 /* SynchronizationService.h */,
				32FE79E41A7F69C80027B946 /* SynchronizationService.m */,
			);
			path = Networking;
			sourceTree = "<group>";
		};
		328ECBB21A7BD9240059FACC /* DataBase */ = {
			isa = PBXGroup;
			children = (
				328ECBB81A7BDA670059FACC /* ContextProvider.h */,
				328ECBB91A7BDA670059FACC /* ContextProvider.m */,
				328ECBBA1A7BDA670059FACC /* DataStorage.h */,
				328ECBBB1A7BDA670059FACC /* DataStorage.m */,
				328ECBBC1A7BDA670059FACC /* DataStorageProtocol.h */,
				328ECBBD1A7BDA670059FACC /* DataStorageRequestBuilder.h */,
				328ECBBE1A7BDA670059FACC /* DataStorageRequestBuilder.m */,
			);
			path = DataBase;
			sourceTree = "<group>";
		};
		328ECBB61A7BD9EA0059FACC /* Utils */ = {
			isa = PBXGroup;
			children = (
				328ECBB71A7BDA040059FACC /* Singleton.h */,
			);
			path = Utils;
			sourceTree = "<group>";
		};
		328ECBC21A7BDC5D0059FACC /* Models */ = {
			isa = PBXGroup;
			children = (
				328ECBC31A7BDC670059FACC /* Model.xcdatamodeld */,
				32CFA05D1A7F930600A7A78D /* SWAnswer.h */,
				32CFA05E1A7F930600A7A78D /* SWAnswer.m */,
				32CFA05A1A7F930500A7A78D /* SWResult.h */,
				32CFA05B1A7F930500A7A78D /* SWResult.m */,
				32CFA0571A7F930500A7A78D /* SWResponse.h */,
				32CFA0581A7F930500A7A78D /* SWResponse.m */,
				32CFA0541A7F930500A7A78D /* SWQuestion.h */,
				32CFA0551A7F930500A7A78D /* SWQuestion.m */,
				32CFA0511A7F930500A7A78D /* SWScore.h */,
				32CFA0521A7F930500A7A78D /* SWScore.m */,
				32CFA04E1A7F930500A7A78D /* SWResultTimingEvent.h */,
				32CFA04F1A7F930500A7A78D /* SWResultTimingEvent.m */,
			);
			path = Models;
			sourceTree = "<group>";
		};
		32FE79CC1A7F5DF90027B946 /* Resources */ = {
			isa = PBXGroup;
			children = (
				32FE79CD1A7F5E250027B946 /* Questions.json */,
				32CFA0461A7F7D0B00A7A78D /* Results.json */,
			);
			path = Resources;
			sourceTree = "<group>";
		};
		32FE79DF1A7F68DC0027B946 /* Mapper */ = {
			isa = PBXGroup;
			children = (
				32FE79E01A7F68DC0027B946 /* DPDataMapper.h */,
				32FE79E11A7F68DC0027B946 /* DPDataMapper.m */,
				32FE79E61A7F6E440027B946 /* QuestionsMapper.h */,
				32FE79E71A7F6E440027B946 /* QuestionsMapper.m */,
			);
			path = Mapper;
			sourceTree = "<group>";
		};
		89347A2C1A7D2BF8008FAA53 /* Views */ = {
			isa = PBXGroup;
			children = (
				89347A2D1A7D2C28008FAA53 /* AnswerCollectionViewCell.h */,
				89347A2E1A7D2C28008FAA53 /* AnswerCollectionViewCell.m */,
				89347A341A7D33F5008FAA53 /* QuestionHeaderView.h */,
				89347A351A7D33F5008FAA53 /* QuestionHeaderView.m */,
				89347A371A7D36B5008FAA53 /* QuestionHeaderView.xib */,
				89347A3D1A7D3FBD008FAA53 /* QuestionCollectionViewLayout.h */,
				89347A3E1A7D3FBD008FAA53 /* QuestionCollectionViewLayout.m */,
				89347A401A7F6AF1008FAA53 /* PlaceholderView.h */,
				89347A411A7F6AF1008FAA53 /* PlaceholderView.m */,
				89347A431A7F6B01008FAA53 /* PlaceholderView.xib */,
			);
			name = Views;
			sourceTree = "<group>";
		};
		89347A391A7D3710008FAA53 /* DataSources */ = {
			isa = PBXGroup;
			children = (
				89347A3A1A7D373E008FAA53 /* QuestionDataSource.h */,
				89347A3B1A7D373E008FAA53 /* QuestionDataSource.m */,
			);
			name = DataSources;
			sourceTree = "<group>";
		};
		A336AF8635DB0B4B89908E1E /* Pods */ = {
			isa = PBXGroup;
			children = (
				7DBE39FD7370043E631BDB30 /* Pods-Swisscom.debug.xcconfig */,
				75A5EE3817BEC3B48B5C2964 /* Pods-Swisscom.release.xcconfig */,
			);
			name = Pods;
			sourceTree = "<group>";
		};
/* End PBXGroup section */

/* Begin PBXNativeTarget section */
		328ECB871A7BD6010059FACC /* Swisscom */ = {
			isa = PBXNativeTarget;
			buildConfigurationList = 328ECBAB1A7BD6010059FACC /* Build configuration list for PBXNativeTarget "Swisscom" */;
			buildPhases = (
				A2846018C7745CC7CEC58EF7 /* Check Pods Manifest.lock */,
				328ECB841A7BD6010059FACC /* Sources */,
				328ECB851A7BD6010059FACC /* Frameworks */,
				328ECB861A7BD6010059FACC /* Resources */,
				319790EF42FE50D2A9DE0DE5 /* Copy Pods Resources */,
			);
			buildRules = (
			);
			dependencies = (
			);
			name = Swisscom;
			productName = Swisscom;
			productReference = 328ECB881A7BD6010059FACC /* Swisscom.app */;
			productType = "com.apple.product-type.application";
		};
		328ECBA01A7BD6010059FACC /* SwisscomTests */ = {
			isa = PBXNativeTarget;
			buildConfigurationList = 328ECBAE1A7BD6010059FACC /* Build configuration list for PBXNativeTarget "SwisscomTests" */;
			buildPhases = (
				328ECB9D1A7BD6010059FACC /* Sources */,
				328ECB9E1A7BD6010059FACC /* Frameworks */,
				328ECB9F1A7BD6010059FACC /* Resources */,
			);
			buildRules = (
			);
			dependencies = (
				328ECBA31A7BD6010059FACC /* PBXTargetDependency */,
			);
			name = SwisscomTests;
			productName = SwisscomTests;
			productReference = 328ECBA11A7BD6010059FACC /* SwisscomTests.xctest */;
			productType = "com.apple.product-type.bundle.unit-test";
		};
/* End PBXNativeTarget section */

/* Begin PBXProject section */
		328ECB801A7BD6010059FACC /* Project object */ = {
			isa = PBXProject;
			attributes = {
				LastUpgradeCheck = 0610;
				ORGANIZATIONNAME = "Dima Sai";
				TargetAttributes = {
					328ECB871A7BD6010059FACC = {
						CreatedOnToolsVersion = 6.1.1;
					};
					328ECBA01A7BD6010059FACC = {
						CreatedOnToolsVersion = 6.1.1;
						TestTargetID = 328ECB871A7BD6010059FACC;
					};
				};
			};
			buildConfigurationList = 328ECB831A7BD6010059FACC /* Build configuration list for PBXProject "Swisscom" */;
			compatibilityVersion = "Xcode 3.2";
			developmentRegion = English;
			hasScannedForEncodings = 0;
			knownRegions = (
				en,
				Base,
			);
			mainGroup = 328ECB7F1A7BD6010059FACC;
			productRefGroup = 328ECB891A7BD6010059FACC /* Products */;
			projectDirPath = "";
			projectRoot = "";
			targets = (
				328ECB871A7BD6010059FACC /* Swisscom */,
				328ECBA01A7BD6010059FACC /* SwisscomTests */,
			);
		};
/* End PBXProject section */

/* Begin PBXResourcesBuildPhase section */
		328ECB861A7BD6010059FACC /* Resources */ = {
			isa = PBXResourcesBuildPhase;
			buildActionMask = 2147483647;
			files = (
				89347A441A7F6B01008FAA53 /* PlaceholderView.xib in Resources */,
				328ECB971A7BD6010059FACC /* Main.storyboard in Resources */,
				328ECB9C1A7BD6010059FACC /* LaunchScreen.xib in Resources */,
				32CFA0471A7F7D1200A7A78D /* Results.json in Resources */,
				32FE79DE1A7F645E0027B946 /* Questions.json in Resources */,
				328ECB991A7BD6010059FACC /* Images.xcassets in Resources */,
				89347A381A7D36B5008FAA53 /* QuestionHeaderView.xib in Resources */,
			);
			runOnlyForDeploymentPostprocessing = 0;
		};
		328ECB9F1A7BD6010059FACC /* Resources */ = {
			isa = PBXResourcesBuildPhase;
			buildActionMask = 2147483647;
			files = (
			);
			runOnlyForDeploymentPostprocessing = 0;
		};
/* End PBXResourcesBuildPhase section */

/* Begin PBXShellScriptBuildPhase section */
		319790EF42FE50D2A9DE0DE5 /* Copy Pods Resources */ = {
			isa = PBXShellScriptBuildPhase;
			buildActionMask = 2147483647;
			files = (
			);
			inputPaths = (
			);
			name = "Copy Pods Resources";
			outputPaths = (
			);
			runOnlyForDeploymentPostprocessing = 0;
			shellPath = /bin/sh;
			shellScript = "\"${SRCROOT}/Pods/Target Support Files/Pods-Swisscom/Pods-Swisscom-resources.sh\"\n";
			showEnvVarsInLog = 0;
		};
		A2846018C7745CC7CEC58EF7 /* Check Pods Manifest.lock */ = {
			isa = PBXShellScriptBuildPhase;
			buildActionMask = 2147483647;
			files = (
			);
			inputPaths = (
			);
			name = "Check Pods Manifest.lock";
			outputPaths = (
			);
			runOnlyForDeploymentPostprocessing = 0;
			shellPath = /bin/sh;
			shellScript = "diff \"${PODS_ROOT}/../Podfile.lock\" \"${PODS_ROOT}/Manifest.lock\" > /dev/null\nif [[ $? != 0 ]] ; then\n    cat << EOM\nerror: The sandbox is not in sync with the Podfile.lock. Run 'pod install' or update your CocoaPods installation.\nEOM\n    exit 1\nfi\n";
			showEnvVarsInLog = 0;
		};
/* End PBXShellScriptBuildPhase section */

/* Begin PBXSourcesBuildPhase section */
		328ECB841A7BD6010059FACC /* Sources */ = {
			isa = PBXSourcesBuildPhase;
			buildActionMask = 2147483647;
			files = (
				32CFA04A1A7F7F7300A7A78D /* UserResult.m in Sources */,
				89347A3C1A7D373E008FAA53 /* QuestionDataSource.m in Sources */,
				32FE79C51A7BE7E20027B946 /* SWResponse.m in Sources */,
				32CFA0531A7F930500A7A78D /* SWScore.m in Sources */,
				32FE79E21A7F68DC0027B946 /* DPDataMapper.m in Sources */,
				328ECBBF1A7BDA670059FACC /* ContextProvider.m in Sources */,
				32CFA0501A7F930500A7A78D /* SWResultTimingEvent.m in Sources */,
				328ECBC81A7BDD080059FACC /* ApiClient.m in Sources */,
				328ECB941A7BD6010059FACC /* ViewController.m in Sources */,
				89347A421A7F6AF1008FAA53 /* PlaceholderView.m in Sources */,
				328ECB911A7BD6010059FACC /* AppDelegate.m in Sources */,
				32FE79E51A7F69C80027B946 /* SynchronizationService.m in Sources */,
				32FE79C21A7BE7E20027B946 /* SWQuestion.m in Sources */,
				89347A2F1A7D2C28008FAA53 /* AnswerCollectionViewCell.m in Sources */,
				32CFA0561A7F930500A7A78D /* SWQuestion.m in Sources */,
				328ECBC51A7BDC670059FACC /* Model.xcdatamodeld in Sources */,
				32CFA0591A7F930500A7A78D /* SWResponse.m in Sources */,
				32CFA05F1A7F930600A7A78D /* SWAnswer.m in Sources */,
				328ECBC11A7BDA670059FACC /* DataStorageRequestBuilder.m in Sources */,
				89347A361A7D33F5008FAA53 /* QuestionHeaderView.m in Sources */,
				328ECB8E1A7BD6010059FACC /* main.m in Sources */,
				32FE79DD1A7F62130027B946 /* ApiClient+Question.m in Sources */,
				32FE79E81A7F6E440027B946 /* QuestionsMapper.m in Sources */,
				328ECBB51A7BD9580059FACC /* EventSynchronizationService.m in Sources */,
				328ECBC01A7BDA670059FACC /* DataStorage.m in Sources */,
				32CFA05C1A7F930500A7A78D /* SWResult.m in Sources */,
				32CFA0451A7F7AA000A7A78D /* ApiClient+Result.m in Sources */,
				89347A3F1A7D3FBD008FAA53 /* QuestionCollectionViewLayout.m in Sources */,
				32FE79BF1A7BE7E20027B946 /* SWAnswer.m in Sources */,
			);
			runOnlyForDeploymentPostprocessing = 0;
		};
		328ECB9D1A7BD6010059FACC /* Sources */ = {
			isa = PBXSourcesBuildPhase;
			buildActionMask = 2147483647;
			files = (
				328ECBA81A7BD6010059FACC /* SwisscomTests.m in Sources */,
			);
			runOnlyForDeploymentPostprocessing = 0;
		};
/* End PBXSourcesBuildPhase section */

/* Begin PBXTargetDependency section */
		328ECBA31A7BD6010059FACC /* PBXTargetDependency */ = {
			isa = PBXTargetDependency;
			target = 328ECB871A7BD6010059FACC /* Swisscom */;
			targetProxy = 328ECBA21A7BD6010059FACC /* PBXContainerItemProxy */;
		};
/* End PBXTargetDependency section */

/* Begin PBXVariantGroup section */
		328ECB951A7BD6010059FACC /* Main.storyboard */ = {
			isa = PBXVariantGroup;
			children = (
				328ECB961A7BD6010059FACC /* Base */,
			);
			name = Main.storyboard;
			sourceTree = "<group>";
		};
		328ECB9A1A7BD6010059FACC /* LaunchScreen.xib */ = {
			isa = PBXVariantGroup;
			children = (
				328ECB9B1A7BD6010059FACC /* Base */,
			);
			name = LaunchScreen.xib;
			sourceTree = "<group>";
		};
/* End PBXVariantGroup section */

/* Begin XCBuildConfiguration section */
		328ECBA91A7BD6010059FACC /* Debug */ = {
			isa = XCBuildConfiguration;
			buildSettings = {
				ALWAYS_SEARCH_USER_PATHS = NO;
				CLANG_CXX_LANGUAGE_STANDARD = "gnu++0x";
				CLANG_CXX_LIBRARY = "libc++";
				CLANG_ENABLE_MODULES = YES;
				CLANG_ENABLE_OBJC_ARC = YES;
				CLANG_WARN_BOOL_CONVERSION = YES;
				CLANG_WARN_CONSTANT_CONVERSION = YES;
				CLANG_WARN_DIRECT_OBJC_ISA_USAGE = YES_ERROR;
				CLANG_WARN_EMPTY_BODY = YES;
				CLANG_WARN_ENUM_CONVERSION = YES;
				CLANG_WARN_INT_CONVERSION = YES;
				CLANG_WARN_OBJC_ROOT_CLASS = YES_ERROR;
				CLANG_WARN_UNREACHABLE_CODE = YES;
				CLANG_WARN__DUPLICATE_METHOD_MATCH = YES;
				"CODE_SIGN_IDENTITY[sdk=iphoneos*]" = "iPhone Developer";
				COPY_PHASE_STRIP = NO;
				ENABLE_STRICT_OBJC_MSGSEND = YES;
				GCC_C_LANGUAGE_STANDARD = gnu99;
				GCC_DYNAMIC_NO_PIC = NO;
				GCC_OPTIMIZATION_LEVEL = 0;
				GCC_PREPROCESSOR_DEFINITIONS = (
					"DEBUG=1",
					"$(inherited)",
				);
				GCC_SYMBOLS_PRIVATE_EXTERN = NO;
				GCC_WARN_64_TO_32_BIT_CONVERSION = YES;
				GCC_WARN_ABOUT_RETURN_TYPE = YES_ERROR;
				GCC_WARN_UNDECLARED_SELECTOR = YES;
				GCC_WARN_UNINITIALIZED_AUTOS = YES_AGGRESSIVE;
				GCC_WARN_UNUSED_FUNCTION = YES;
				GCC_WARN_UNUSED_VARIABLE = YES;
				IPHONEOS_DEPLOYMENT_TARGET = 8.1;
				MTL_ENABLE_DEBUG_INFO = YES;
				ONLY_ACTIVE_ARCH = YES;
				SDKROOT = iphoneos;
				TARGETED_DEVICE_FAMILY = 2;
			};
			name = Debug;
		};
		328ECBAA1A7BD6010059FACC /* Release */ = {
			isa = XCBuildConfiguration;
			buildSettings = {
				ALWAYS_SEARCH_USER_PATHS = NO;
				CLANG_CXX_LANGUAGE_STANDARD = "gnu++0x";
				CLANG_CXX_LIBRARY = "libc++";
				CLANG_ENABLE_MODULES = YES;
				CLANG_ENABLE_OBJC_ARC = YES;
				CLANG_WARN_BOOL_CONVERSION = YES;
				CLANG_WARN_CONSTANT_CONVERSION = YES;
				CLANG_WARN_DIRECT_OBJC_ISA_USAGE = YES_ERROR;
				CLANG_WARN_EMPTY_BODY = YES;
				CLANG_WARN_ENUM_CONVERSION = YES;
				CLANG_WARN_INT_CONVERSION = YES;
				CLANG_WARN_OBJC_ROOT_CLASS = YES_ERROR;
				CLANG_WARN_UNREACHABLE_CODE = YES;
				CLANG_WARN__DUPLICATE_METHOD_MATCH = YES;
				"CODE_SIGN_IDENTITY[sdk=iphoneos*]" = "iPhone Developer";
				COPY_PHASE_STRIP = YES;
				ENABLE_NS_ASSERTIONS = NO;
				ENABLE_STRICT_OBJC_MSGSEND = YES;
				GCC_C_LANGUAGE_STANDARD = gnu99;
				GCC_WARN_64_TO_32_BIT_CONVERSION = YES;
				GCC_WARN_ABOUT_RETURN_TYPE = YES_ERROR;
				GCC_WARN_UNDECLARED_SELECTOR = YES;
				GCC_WARN_UNINITIALIZED_AUTOS = YES_AGGRESSIVE;
				GCC_WARN_UNUSED_FUNCTION = YES;
				GCC_WARN_UNUSED_VARIABLE = YES;
				IPHONEOS_DEPLOYMENT_TARGET = 8.1;
				MTL_ENABLE_DEBUG_INFO = NO;
				SDKROOT = iphoneos;
				TARGETED_DEVICE_FAMILY = 2;
				VALIDATE_PRODUCT = YES;
			};
			name = Release;
		};
		328ECBAC1A7BD6010059FACC /* Debug */ = {
			isa = XCBuildConfiguration;
			baseConfigurationReference = 7DBE39FD7370043E631BDB30 /* Pods-Swisscom.debug.xcconfig */;
			buildSettings = {
				ASSETCATALOG_COMPILER_APPICON_NAME = AppIcon;
				INFOPLIST_FILE = Swisscom/Info.plist;
				LD_RUNPATH_SEARCH_PATHS = "$(inherited) @executable_path/Frameworks";
				PRODUCT_NAME = "$(TARGET_NAME)";
			};
			name = Debug;
		};
		328ECBAD1A7BD6010059FACC /* Release */ = {
			isa = XCBuildConfiguration;
			baseConfigurationReference = 75A5EE3817BEC3B48B5C2964 /* Pods-Swisscom.release.xcconfig */;
			buildSettings = {
				ASSETCATALOG_COMPILER_APPICON_NAME = AppIcon;
				INFOPLIST_FILE = Swisscom/Info.plist;
				LD_RUNPATH_SEARCH_PATHS = "$(inherited) @executable_path/Frameworks";
				PRODUCT_NAME = "$(TARGET_NAME)";
			};
			name = Release;
		};
		328ECBAF1A7BD6010059FACC /* Debug */ = {
			isa = XCBuildConfiguration;
			buildSettings = {
				BUNDLE_LOADER = "$(TEST_HOST)";
				FRAMEWORK_SEARCH_PATHS = (
					"$(SDKROOT)/Developer/Library/Frameworks",
					"$(inherited)",
				);
				GCC_PREPROCESSOR_DEFINITIONS = (
					"DEBUG=1",
					"$(inherited)",
				);
				INFOPLIST_FILE = SwisscomTests/Info.plist;
				LD_RUNPATH_SEARCH_PATHS = "$(inherited) @executable_path/Frameworks @loader_path/Frameworks";
				PRODUCT_NAME = "$(TARGET_NAME)";
				TEST_HOST = "$(BUILT_PRODUCTS_DIR)/Swisscom.app/Swisscom";
			};
			name = Debug;
		};
		328ECBB01A7BD6010059FACC /* Release */ = {
			isa = XCBuildConfiguration;
			buildSettings = {
				BUNDLE_LOADER = "$(TEST_HOST)";
				FRAMEWORK_SEARCH_PATHS = (
					"$(SDKROOT)/Developer/Library/Frameworks",
					"$(inherited)",
				);
				INFOPLIST_FILE = SwisscomTests/Info.plist;
				LD_RUNPATH_SEARCH_PATHS = "$(inherited) @executable_path/Frameworks @loader_path/Frameworks";
				PRODUCT_NAME = "$(TARGET_NAME)";
				TEST_HOST = "$(BUILT_PRODUCTS_DIR)/Swisscom.app/Swisscom";
			};
			name = Release;
		};
/* End XCBuildConfiguration section */

/* Begin XCConfigurationList section */
		328ECB831A7BD6010059FACC /* Build configuration list for PBXProject "Swisscom" */ = {
			isa = XCConfigurationList;
			buildConfigurations = (
				328ECBA91A7BD6010059FACC /* Debug */,
				328ECBAA1A7BD6010059FACC /* Release */,
			);
			defaultConfigurationIsVisible = 0;
			defaultConfigurationName = Release;
		};
		328ECBAB1A7BD6010059FACC /* Build configuration list for PBXNativeTarget "Swisscom" */ = {
			isa = XCConfigurationList;
			buildConfigurations = (
				328ECBAC1A7BD6010059FACC /* Debug */,
				328ECBAD1A7BD6010059FACC /* Release */,
			);
			defaultConfigurationIsVisible = 0;
			defaultConfigurationName = Release;
		};
		328ECBAE1A7BD6010059FACC /* Build configuration list for PBXNativeTarget "SwisscomTests" */ = {
			isa = XCConfigurationList;
			buildConfigurations = (
				328ECBAF1A7BD6010059FACC /* Debug */,
				328ECBB01A7BD6010059FACC /* Release */,
			);
			defaultConfigurationIsVisible = 0;
			defaultConfigurationName = Release;
		};
/* End XCConfigurationList section */

/* Begin XCVersionGroup section */
		328ECBC31A7BDC670059FACC /* Model.xcdatamodeld */ = {
			isa = XCVersionGroup;
			children = (
				328ECBC41A7BDC670059FACC /* Model.xcdatamodel */,
			);
			currentVersion = 328ECBC41A7BDC670059FACC /* Model.xcdatamodel */;
			path = Model.xcdatamodeld;
			sourceTree = "<group>";
			versionGroupType = wrapper.xcdatamodel;
		};
/* End XCVersionGroup section */
	};
	rootObject = 328ECB801A7BD6010059FACC /* Project object */;
}
